
Microsoft Visual Studio Solution File, Format Version 12.00
# Visual Studio 2013
VisualStudioVersion = 12.0.31101.0
MinimumVisualStudioVersion = 10.0.40219.1
Project("{FAE04EC0-301F-11D3-BF4B-00C04F79EFBC}") = "PayBar", "PayBar\PayBar.csproj", "{DA22AF14-CE63-40A1-BE88-C8025A983582}"
EndProject
Project("{FAE04EC0-301F-11D3-BF4B-00C04F79EFBC}") = "Data", "Data\Data.csproj", "{A8BF5155-D307-425D-AE37-25C5A1728D06}"
EndProject
Project("{FAE04EC0-301F-11D3-BF4B-00C04F79EFBC}") = "Utilities", "Utilities\Utilities.csproj", "{14FAF056-EB92-4496-84F1-8D6B3503B75C}"
EndProject
Project("{FAE04EC0-301F-11D3-BF4B-00C04F79EFBC}") = "Test", "Test\Test.csproj", "{7142D2F7-2A79-4372-805B-51706B4C5793}"
EndProject
Project("{FAE04EC0-301F-11D3-BF4B-00C04F79EFBC}") = "Jobs", "Jobs\Jobs.csproj", "{260E2402-D668-4924-834A-8CB9CBA753A7}"
EndProject
Global
	GlobalSection(SolutionConfigurationPlatforms) = preSolution
		Debug|Any CPU = Debug|Any CPU
		Release|Any CPU = Release|Any CPU
	EndGlobalSection
	GlobalSection(ProjectConfigurationPlatforms) = postSolution
		{DA22AF14-CE63-40A1-BE88-C8025A983582}.Debug|Any CPU.ActiveCfg = Debug|Any CPU
		{DA22AF14-CE63-40A1-BE88-C8025A983582}.Debug|Any CPU.Build.0 = Debug|Any CPU
		{DA22AF14-CE63-40A1-BE88-C8025A983582}.Release|Any CPU.ActiveCfg = Release|Any CPU
		{DA22AF14-CE63-40A1-BE88-C8025A983582}.Release|Any CPU.Build.0 = Release|Any CPU
		{A8BF5155-D307-425D-AE37-25C5A1728D06}.Debug|Any CPU.ActiveCfg = Debug|Any CPU
		{A8BF5155-D307-425D-AE37-25C5A1728D06}.Debug|Any CPU.Build.0 = Debug|Any CPU
		{A8BF5155-D307-425D-AE37-25C5A1728D06}.Release|Any CPU.ActiveCfg = Release|Any CPU
		{A8BF5155-D307-425D-AE37-25C5A1728D06}.Release|Any CPU.Build.0 = Release|Any CPU
		{14FAF056-EB92-4496-84F1-8D6B3503B75C}.Debug|Any CPU.ActiveCfg = Debug|Any CPU
		{14FAF056-EB92-4496-84F1-8D6B3503B75C}.Debug|Any CPU.Build.0 = Debug|Any CPU
		{14FAF056-EB92-4496-84F1-8D6B3503B75C}.Release|Any CPU.ActiveCfg = Release|Any CPU
		{14FAF056-EB92-4496-84F1-8D6B3503B75C}.Release|Any CPU.Build.0 = Release|Any CPU
		{7142D2F7-2A79-4372-805B-51706B4C5793}.Debug|Any CPU.ActiveCfg = Debug|Any CPU
		{7142D2F7-2A79-4372-805B-51706B4C5793}.Debug|Any CPU.Build.0 = Debug|Any CPU
		{7142D2F7-2A79-4372-805B-51706B4C5793}.Release|Any CPU.ActiveCfg = Release|Any CPU
		{7142D2F7-2A79-4372-805B-51706B4C5793}.Release|Any CPU.Build.0 = Release|Any CPU
		{260E2402-D668-4924-834A-8CB9CBA753A7}.Debug|Any CPU.ActiveCfg = Debug|Any CPU
		{260E2402-D668-4924-834A-8CB9CBA753A7}.Debug|Any CPU.Build.0 = Debug|Any CPU
		{260E2402-D668-4924-834A-8CB9CBA753A7}.Release|Any CPU.ActiveCfg = Release|Any CPU
		{260E2402-D668-4924-834A-8CB9CBA753A7}.Release|Any CPU.Build.0 = Release|Any CPU
	EndGlobalSection
	GlobalSection(SolutionProperties) = preSolution
		HideSolutionNode = FALSE
	EndGlobalSection
EndGlobal
